// !$*UTF8*$!
{
	archiveVersion = 1;
	classes = {
	};
	objectVersion = 46;
	objects = {

/* Begin PBXBuildFile section */
		210CE0511EFB20710082144E /* AppDelegate.swift in Sources */ = {isa = PBXBuildFile; fileRef = 210CE0501EFB20710082144E /* AppDelegate.swift */; };
		210CE0531EFB20710082144E /* ViewController.swift in Sources */ = {isa = PBXBuildFile; fileRef = 210CE0521EFB20710082144E /* ViewController.swift */; };
		210CE0561EFB20710082144E /* Main.storyboard in Resources */ = {isa = PBXBuildFile; fileRef = 210CE0541EFB20710082144E /* Main.storyboard */; };
		210CE0581EFB20710082144E /* Assets.xcassets in Resources */ = {isa = PBXBuildFile; fileRef = 210CE0571EFB20710082144E /* Assets.xcassets */; };
		210CE05B1EFB20710082144E /* LaunchScreen.storyboard in Resources */ = {isa = PBXBuildFile; fileRef = 210CE0591EFB20710082144E /* LaunchScreen.storyboard */; };
/* End PBXBuildFile section */

/* Begin PBXFileReference section */
		210CE04D1EFB20710082144E /* ModalPopup.app */ = {isa = PBXFileReference; explicitFileType = wrapper.application; includeInIndex = 0; path = ModalPopup.app; sourceTree = BUILT_PRODUCTS_DIR; };
		210CE0501EFB20710082144E /* AppDelegate.swift */ = {isa = PBXFileReference; lastKnownFileType = sourcecode.swift; path = AppDelegate.swift; sourceTree = "<group>"; };
		210CE0521EFB20710082144E /* ViewController.swift */ = {isa = PBXFileReference; lastKnownFileType = sourcecode.swift; path = ViewController.swift; sourceTree = "<group>"; };
		210CE0551EFB20710082144E /* Base */ = {isa = PBXFileReference; lastKnownFileType = file.storyboard; name = Base; path = Base.lproj/Main.storyboard; sourceTree = "<group>"; };
		210CE0571EFB20710082144E /* Assets.xcassets */ = {isa = PBXFileReference; lastKnownFileType = folder.assetcatalog; path = Assets.xcassets; sourceTree = "<group>"; };
		210CE05A1EFB20710082144E /* Base */ = {isa = PBXFileReference; lastKnownFileType = file.storyboard; name = Base; path = Base.lproj/LaunchScreen.storyboard; sourceTree = "<group>"; };
		210CE05C1EFB20710082144E /* Info.plist */ = {isa = PBXFileReference; lastKnownFileType = text.plist.xml; path = Info.plist; sourceTree = "<group>"; };
/* End PBXFileReference section */

/* Begin PBXFrameworksBuildPhase section */
		210CE04A1EFB20710082144E /* Frameworks */ = {
			isa = PBXFrameworksBuildPhase;
			buildActionMask = 2147483647;
			files = (
			);
			runOnlyForDeploymentPostprocessing = 0;
		};
/* End PBXFrameworksBuildPhase section */

/* Begin PBXGroup section */
		210CE0441EFB20710082144E = {
			isa = PBXGroup;
			children = (
				210CE04F1EFB20710082144E /* ModalPopup */,
				210CE04E1EFB20710082144E /* Products */,
			);
			sourceTree = "<group>";
		};
		210CE04E1EFB20710082144E /* Products */ = {
			isa = PBXGroup;
			children = (
				210CE04D1EFB20710082144E /* ModalPopup.app */,
			);
			name = Products;
			sourceTree = "<group>";
		};
		210CE04F1EFB20710082144E /* ModalPopup */ = {
			isa = PBXGroup;
			children = (
				210CE0501EFB20710082144E /* AppDelegate.swift */,
				210CE0521EFB20710082144E /* ViewController.swift */,
				210CE0541EFB20710082144E /* Main.storyboard */,
				210CE0571EFB20710082144E /* Assets.xcassets */,
				210CE0591EFB20710082144E /* LaunchScreen.storyboard */,
				210CE05C1EFB20710082144E /* Info.plist */,
			);
			path = ModalPopup;
			sourceTree = "<group>";
		};
/* End PBXGroup section */

/* Begin PBXNativeTarget section */
		210CE04C1EFB20710082144E /* ModalPopup */ = {
			isa = PBXNativeTarget;
			buildConfigurationList = 210CE05F1EFB20710082144E /* Build configuration list for PBXNativeTarget "ModalPopup" */;
			buildPhases = (
				210CE0491EFB20710082144E /* Sources */,
				210CE04A1EFB20710082144E /* Frameworks */,
				210CE04B1EFB20710082144E /* Resources */,
			);
			buildRules = (
			);
			dependencies = (
			);
			name = ModalPopup;
			productName = ModalPopup;
			productReference = 210CE04D1EFB20710082144E /* ModalPopup.app */;
			productType = "com.apple.product-type.application";
		};
/* End PBXNativeTarget section */

/* Begin PBXProject section */
		210CE0451EFB20710082144E /* Project object */ = {
			isa = PBXProject;
			attributes = {
				LastSwiftUpdateCheck = 0830;
				LastUpgradeCheck = 0830;
				ORGANIZATIONNAME = ArchieApps;
				TargetAttributes = {
					210CE04C1EFB20710082144E = {
						CreatedOnToolsVersion = 8.3.3;
						DevelopmentTeam = V8T6EH88N4;
						ProvisioningStyle = Automatic;
					};
				};
			};
			buildConfigurationList = 210CE0481EFB20710082144E /* Build configuration list for PBXProject "ModalPopup" */;
			compatibilityVersion = "Xcode 3.2";
			developmentRegion = English;
			hasScannedForEncodings = 0;
			knownRegions = (
				en,
				Base,
			);
			mainGroup = 210CE0441EFB20710082144E;
			productRefGroup = 210CE04E1EFB20710082144E /* Products */;
			projectDirPath = "";
			projectRoot = "";
			targets = (
				210CE04C1EFB20710082144E /* ModalPopup */,
			);
		};
/* End PBXProject section */

/* Begin PBXResourcesBuildPhase section */
		210CE04B1EFB20710082144E /* Resources */ = {
			isa = PBXResourcesBuildPhase;
			buildActionMask = 2147483647;
			files = (
				210CE05B1EFB20710082144E /* LaunchScreen.storyboard in Resources */,
				210CE0581EFB20710082144E /* Assets.xcassets in Resources */,
				210CE0561EFB20710082144E /* Main.storyboard in Resources */,
			);
			runOnlyForDeploymentPostprocessing = 0;
		};
/* End PBXResourcesBuildPhase section */

/* Begin PBXSourcesBuildPhase section */
		210CE0491EFB20710082144E /* Sources */ = {
			isa = PBXSourcesBuildPhase;
			buildActionMask = 2147483647;
			files = (
				210CE0531EFB20710082144E /* ViewController.swift in Sources */,
				210CE0511EFB20710082144E /* AppDelegate.swift in Sources */,
			);
			runOnlyForDeploymentPostprocessing = 0;
		};
/* End PBXSourcesBuildPhase section */

/* Begin PBXVariantGroup section */
		210CE0541EFB20710082144E /* Main.storyboard */ = {
			isa = PBXVariantGroup;
			children = (
				210CE0551EFB20710082144E /* Base */,
			);
			name = Main.storyboard;
			sourceTree = "<group>";
		};
		210CE0591EFB20710082144E /* LaunchScreen.storyboard */ = {
			isa = PBXVariantGroup;
			children = (
				210CE05A1EFB20710082144E /* Base */,
			);
			name = LaunchScreen.storyboard;
			sourceTree = "<group>";
		};
/* End PBXVariantGroup section */

/* Begin XCBuildConfiguration section */
		210CE05D1EFB20710082144E /* Debug */ = {
			isa = XCBuildConfiguration;
			buildSettings = {
				ALWAYS_SEARCH_USER_PATHS = NO;
				CLANG_ANALYZER_NONNULL = YES;
				CLANG_ANALYZER_NUMBER_OBJECT_CONVERSION = YES_AGGRESSIVE;
				CLANG_CXX_LANGUAGE_STANDARD = "gnu++0x";
				CLANG_CXX_LIBRARY = "libc++";
				CLANG_ENABLE_MODULES = YES;
				CLANG_ENABLE_OBJC_ARC = YES;
				CLANG_WARN_BOOL_CONVERSION = YES;
				CLANG_WARN_CONSTANT_CONVERSION = YES;
				CLANG_WARN_DIRECT_OBJC_ISA_USAGE = YES_ERROR;
				CLANG_WARN_DOCUMENTATION_COMMENTS = YES;
				CLANG_WARN_EMPTY_BODY = YES;
				CLANG_WARN_ENUM_CONVERSION = YES;
				CLANG_WARN_INFINITE_RECURSION = YES;
				CLANG_WARN_INT_CONVERSION = YES;
				CLANG_WARN_OBJC_ROOT_CLASS = YES_ERROR;
				CLANG_WARN_SUSPICIOUS_MOVE = YES;
				CLANG_WARN_UNREACHABLE_CODE = YES;
				CLANG_WARN__DUPLICATE_METHOD_MATCH = YES;
				"CODE_SIGN_IDENTITY[sdk=iphoneos*]" = "iPhone Developer";
				COPY_PHASE_STRIP = NO;
				DEBUG_INFORMATION_FORMAT = dwarf;
				ENABLE_STRICT_OBJC_MSGSEND = YES;
				ENABLE_TESTABILITY = YES;
				GCC_C_LANGUAGE_STANDARD = gnu99;
				GCC_DYNAMIC_NO_PIC = NO;
				GCC_NO_COMMON_BLOCKS = YES;
				GCC_OPTIMIZATION_LEVEL = 0;
				GCC_PREPROCESSOR_DEFINITIONS = (
					"DEBUG=1",
					"$(inherited)",
				);
				GCC_WARN_64_TO_32_BIT_CONVERSION = YES;
				GCC_WARN_ABOUT_RETURN_TYPE = YES_ERROR;
				GCC_WARN_UNDECLARED_SELECTOR = YES;
				GCC_WARN_UNINITIALIZED_AUTOS = YES_AGGRESSIVE;
				GCC_WARN_UNUSED_FUNCTION = YES;
				GCC_WARN_UNUSED_VARIABLE = YES;
				IPHONEOS_DEPLOYMENT_TARGET = 10.3;
				MTL_ENABLE_DEBUG_INFO = YES;
				ONLY_ACTIVE_ARCH = YES;
				SDKROOT = iphoneos;
				SWIFT_ACTIVE_COMPILATION_CONDITIONS = DEBUG;
				SWIFT_OPTIMIZATION_LEVEL = "-Onone";
				TARGETED_DEVICE_FAMILY = "1,2";
			};
			name = Debug;
		};
		210CE05E1EFB20710082144E /* Release */ = {
			isa = XCBuildConfiguration;
			buildSettings = {
				ALWAYS_SEARCH_USER_PATHS = NO;
				CLANG_ANALYZER_NONNULL = YES;
				CLANG_ANALYZER_NUMBER_OBJECT_CONVERSION = YES_AGGRESSIVE;
				CLANG_CXX_LANGUAGE_STANDARD = "gnu++0x";
				CLANG_CXX_LIBRARY = "libc++";
				CLANG_ENABLE_MODULES = YES;
				CLANG_ENABLE_OBJC_ARC = YES;
				CLANG_WARN_BOOL_CONVERSION = YES;
				CLANG_WARN_CONSTANT_CONVERSION = YES;
				CLANG_WARN_DIRECT_OBJC_ISA_USAGE = YES_ERROR;
				CLANG_WARN_DOCUMENTATION_COMMENTS = YES;
				CLANG_WARN_EMPTY_BODY = YES;
				CLANG_WARN_ENUM_CONVERSION = YES;
				CLANG_WARN_INFINITE_RECURSION = YES;
				CLANG_WARN_INT_CONVERSION = YES;
				CLANG_WARN_OBJC_ROOT_CLASS = YES_ERROR;
				CLANG_WARN_SUSPICIOUS_MOVE = YES;
				CLANG_WARN_UNREACHABLE_CODE = YES;
				CLANG_WARN__DUPLICATE_METHOD_MATCH = YES;
				"CODE_SIGN_IDENTITY[sdk=iphoneos*]" = "iPhone Developer";
				COPY_PHASE_STRIP = NO;
				DEBUG_INFORMATION_FORMAT = "dwarf-with-dsym";
				ENABLE_NS_ASSERTIONS = NO;
				ENABLE_STRICT_OBJC_MSGSEND = YES;
				GCC_C_LANGUAGE_STANDARD = gnu99;
				GCC_NO_COMMON_BLOCKS = YES;
				GCC_WARN_64_TO_32_BIT_CONVERSION = YES;
				GCC_WARN_ABOUT_RETURN_TYPE = YES_ERROR;
				GCC_WARN_UNDECLARED_SELECTOR = YES;
				GCC_WARN_UNINITIALIZED_AUTOS = YES_AGGRESSIVE;
				GCC_WARN_UNUSED_FUNCTION = YES;
				GCC_WARN_UNUSED_VARIABLE = YES;
				IPHONEOS_DEPLOYMENT_TARGET = 10.3;
				MTL_ENABLE_DEBUG_INFO = NO;
				SDKROOT = iphoneos;
				SWIFT_OPTIMIZATION_LEVEL = "-Owholemodule";
				TARGETED_DEVICE_FAMILY = "1,2";
				VALIDATE_PRODUCT = YES;
			};
			name = Release;
		};
		210CE0601EFB20710082144E /* Debug */ = {
			isa = XCBuildConfiguration;
			buildSettings = {
				ASSETCATALOG_COMPILER_APPICON_NAME = AppIcon;
				DEVELOPMENT_TEAM = V8T6EH88N4;
				INFOPLIST_FILE = ModalPopup/Info.plist;
				LD_RUNPATH_SEARCH_PATHS = "$(inherited) @executable_path/Frameworks";
				PRODUCT_BUNDLE_IDENTIFIER = Archie.ModalPopup;
				PRODUCT_NAME = "$(TARGET_NAME)";
				SWIFT_VERSION = 3.0;
			};
			name = Debug;
		};
		210CE0611EFB20710082144E /* Release */ = {
			isa = XCBuildConfiguration;
			buildSettings = {
				ASSETCATALOG_COMPILER_APPICON_NAME = AppIcon;
				DEVELOPMENT_TEAM = V8T6EH88N4;
				INFOPLIST_FILE = ModalPopup/Info.plist;
				LD_RUNPATH_SEARCH_PATHS = "$(inherited) @executable_path/Frameworks";
				PRODUCT_BUNDLE_IDENTIFIER = Archie.ModalPopup;
				PRODUCT_NAME = "$(TARGET_NAME)";
				SWIFT_VERSION = 3.0;
			};
			name = Release;
		};
/* End XCBuildConfiguration section */

/* Begin XCConfigurationList section */
		210CE0481EFB20710082144E /* Build configuration list for PBXProject "ModalPopup" */ = {
			isa = XCConfigurationList;
			buildConfigurations = (
				210CE05D1EFB20710082144E /* Debug */,
				210CE05E1EFB20710082144E /* Release */,
			);
			defaultConfigurationIsVisible = 0;
			defaultConfigurationName = Release;
		};
		210CE05F1EFB20710082144E /* Build configuration list for PBXNativeTarget "ModalPopup" */ = {
			isa = XCConfigurationList;
			buildConfigurations = (
				210CE0601EFB20710082144E /* Debug */,
				210CE0611EFB20710082144E /* Release */,
			);
			defaultConfigurationIsVisible = 0;
		};
/* End XCConfigurationList section */
	};
	rootObject = 210CE0451EFB20710082144E /* Project object */;
}
